{
  "requires": true,
  "lockfileVersion": 1,
  "dependencies": {
    "@dosomething/forge": {
      "version": "6.8.1",
      "resolved": "https://registry.npmjs.org/@dosomething/forge/-/forge-6.8.1.tgz",
      "integrity": "sha512-ZBFwJ149nYib4oDPUWsFlGcKKr0hJAbuVdXW5dG05nnK+1YPWFaPiWvoND81k14rKRIY05MMGD/WTspnK4mbrA==",
      "requires": {
        "jquery": "3.3.1",
        "lodash": "4.17.10",
        "susy": "2.2.14"
      }
    },
    "jquery": {
      "version": "3.3.1",
      "resolved": "https://registry.npmjs.org/jquery/-/jquery-3.3.1.tgz",
      "integrity": "sha512-Ubldcmxp5np52/ENotGxlLe6aGMvmF4R8S6tZjsP6Knsaxd/xp3Zrh50cG93lR6nPXyUFwzN3ZSOQI0wRJNdGg=="
    },
    "lodash": {
      "version": "4.17.10",
      "resolved": "https://registry.npmjs.org/lodash/-/lodash-4.17.10.tgz",
      "integrity": "sha512-UejweD1pDoXu+AD825lWwp4ZGtSwgnpZxb3JDViD7StjQz+Nb/6l093lx4OQ0foGWNRoc19mWy7BzL+UAK2iVg=="
    },
    "susy": {
      "version": "2.2.14",
      "resolved": "https://registry.npmjs.org/susy/-/susy-2.2.14.tgz",
      "integrity": "sha512-4I7Cb4Cjw2TF6ZEMxT8W9/Ap35Kn/r6y3LIO+NzaMRBxfbmT+w2KvbrANG/JCqJjlPgqvwLfLF9vmndSMGZuLg=="
    }
  }
}
